{
    "_readme": [
        "This file locks the dependencies of your project to a known state",
        "Read more about it at http://getcomposer.org/doc/01-basic-usage.md#composer-lock-the-lock-file"
    ],
    "hash": "626508d6386bce83e5b6ef441e44772b",
    "packages": [
        {
            "name": "entomb/slim-json-api",
            "version": "dev-master",
            "source": {
                "type": "git",
                "url": "https://github.com/entomb/slim-json-api.git",
                "reference": "eb5eb016dc433d7fdbaa6d397edde6ab483c4cad"
            },
            "dist": {
                "type": "zip",
                "url": "https://api.github.com/repos/entomb/slim-json-api/zipball/eb5eb016dc433d7fdbaa6d397edde6ab483c4cad",
                "reference": "eb5eb016dc433d7fdbaa6d397edde6ab483c4cad",
                "shasum": ""
            },
            "require": {
                "php": ">=5.3.0"
            },
            "type": "library",
            "autoload": {
                "classmap": [
                    "jsonAPI/"
                ]
            },
            "notification-url": "https://packagist.org/downloads/",
            "license": [
                "GPL 3.0"
            ],
            "authors": [
                {
                    "name": "Jonathan Tavares",
                    "email": "the.entomb@gmail.com",
                    "homepage": "https://github.com/entomb",
                    "role": "Developer"
                }
            ],
            "description": "Slim extension to implement fast JSON API's",
            "homepage": "https://github.com/entomb/slim-json-api",
            "keywords": [
                "api",
                "json",
                "middleware",
                "slim",
                "view"
            ],
            "time": "2013-08-29 13:43:23"
        },
        {
            "name": "slim/slim",
            "version": "2.2.0",
            "source": {
                "type": "git",
                "url": "https://github.com/codeguy/Slim.git",
                "reference": "b8181de1112a1e2f565b40158b621c34ded38053"
            },
            "dist": {
                "type": "zip",
                "url": "https://api.github.com/repos/codeguy/Slim/zipball/b8181de1112a1e2f565b40158b621c34ded38053",
                "reference": "b8181de1112a1e2f565b40158b621c34ded38053",
                "shasum": ""
            },
            "require": {
                "php": ">=5.3.0"
            },
            "type": "library",
            "autoload": {
                "psr-0": {
                    "Slim": "."
                }
            },
            "notification-url": "https://packagist.org/downloads/",
            "license": [
                "MIT"
            ],
            "authors": [
                {
                    "name": "Josh Lockhart",
                    "email": "info@joshlockhart.com",
                    "homepage": "http://www.joshlockhart.com/"
                }
            ],
            "description": "Slim Framework, a PHP micro framework",
            "homepage": "http://github.com/codeguy/Slim",
            "keywords": [
                "microframework",
                "rest",
                "router"
            ],
            "time": "2012-12-13 02:15:50"
        }
    ],
    "packages-dev": [

    ],
    "aliases": [

    ],
    "minimum-stability": "stable",
    "stability-flags": {
        "entomb/slim-json-api": 20
    },
    "platform": [

    ],
    "platform-dev": [

    ]
}
